
Microsoft Visual Studio Solution File, Format Version 12.00
# Visual Studio 15
VisualStudioVersion = 15.0.28010.2016
MinimumVisualStudioVersion = 10.0.40219.1
Project("{FAE04EC0-301F-11D3-BF4B-00C04F79EFBC}") = "SpecFlow.ApiTesting", "SpecFlow.ApiTesting\SpecFlow.ApiTesting.csproj", "{3C42FCC3-2587-4459-AD60-E19DA8A369F2}"
EndProject
Project("{FAE04EC0-301F-11D3-BF4B-00C04F79EFBC}") = "SpecFlow.ApiTesting.Integration", "SpecFlow.ApiTesting.Integration\SpecFlow.ApiTesting.Integration.csproj", "{22259E08-4D4D-4461-A29B-230CB252784C}"
EndProject
Global
	GlobalSection(SolutionConfigurationPlatforms) = preSolution
		Debug|Any CPU = Debug|Any CPU
		Release|Any CPU = Release|Any CPU
	EndGlobalSection
	GlobalSection(ProjectConfigurationPlatforms) = postSolution
		{3C42FCC3-2587-4459-AD60-E19DA8A369F2}.Debug|Any CPU.ActiveCfg = Debug|Any CPU
		{3C42FCC3-2587-4459-AD60-E19DA8A369F2}.Debug|Any CPU.Build.0 = Debug|Any CPU
		{3C42FCC3-2587-4459-AD60-E19DA8A369F2}.Release|Any CPU.ActiveCfg = Release|Any CPU
		{3C42FCC3-2587-4459-AD60-E19DA8A369F2}.Release|Any CPU.Build.0 = Release|Any CPU
		{22259E08-4D4D-4461-A29B-230CB252784C}.Debug|Any CPU.ActiveCfg = Debug|Any CPU
		{22259E08-4D4D-4461-A29B-230CB252784C}.Debug|Any CPU.Build.0 = Debug|Any CPU
		{22259E08-4D4D-4461-A29B-230CB252784C}.Release|Any CPU.ActiveCfg = Release|Any CPU
		{22259E08-4D4D-4461-A29B-230CB252784C}.Release|Any CPU.Build.0 = Release|Any CPU
	EndGlobalSection
	GlobalSection(SolutionProperties) = preSolution
		HideSolutionNode = FALSE
	EndGlobalSection
	GlobalSection(ExtensibilityGlobals) = postSolution
		SolutionGuid = {E51470DC-C6B9-4EB8-9528-DED810FE115C}
	EndGlobalSection
EndGlobal
